// !$*UTF8*$!
{
	archiveVersion = 1;
	classes = {
	};
	objectVersion = 56;
	objects = {

/* Begin PBXBuildFile section */
		2A6589E02C12DD5F002CF924 /* DemoApplicationApp.swift in Sources */ = {isa = PBXBuildFile; fileRef = 2A6589DF2C12DD5F002CF924 /* DemoApplicationApp.swift */; };
		2A6589E42C12DD60002CF924 /* Assets.xcassets in Resources */ = {isa = PBXBuildFile; fileRef = 2A6589E32C12DD60002CF924 /* Assets.xcassets */; };
		2A6589E72C12DD60002CF924 /* Preview Assets.xcassets in Resources */ = {isa = PBXBuildFile; fileRef = 2A6589E62C12DD60002CF924 /* Preview Assets.xcassets */; };
		2A658A252C12E5F7002CF924 /* SDKView.swift in Sources */ = {isa = PBXBuildFile; fileRef = 2A658A202C12E5F7002CF924 /* SDKView.swift */; };
		2A658A262C12E5F7002CF924 /* SDKViewModel.swift in Sources */ = {isa = PBXBuildFile; fileRef = 2A658A212C12E5F7002CF924 /* SDKViewModel.swift */; };
		2A658A272C12E5F7002CF924 /* Params.swift in Sources */ = {isa = PBXBuildFile; fileRef = 2A658A232C12E5F7002CF924 /* Params.swift */; };
		2A658A2A2C12E614002CF924 /* kameleoonClient in Frameworks */ = {isa = PBXBuildFile; productRef = 2A658A292C12E614002CF924 /* kameleoonClient */; };
		2AD2EC6C2C3561C10013814D /* Basic.swift in Sources */ = {isa = PBXBuildFile; fileRef = 2AD2EC6B2C3561C10013814D /* Basic.swift */; };
		2AD2EC6F2C3569F40013814D /* Specific.swift in Sources */ = {isa = PBXBuildFile; fileRef = 2AD2EC6E2C3569F40013814D /* Specific.swift */; };
/* End PBXBuildFile section */

/* Begin PBXFileReference section */
		2A6589DC2C12DD5F002CF924 /* DemoApplication.app */ = {isa = PBXFileReference; explicitFileType = wrapper.application; includeInIndex = 0; path = DemoApplication.app; sourceTree = BUILT_PRODUCTS_DIR; };
		2A6589DF2C12DD5F002CF924 /* DemoApplicationApp.swift */ = {isa = PBXFileReference; lastKnownFileType = sourcecode.swift; path = DemoApplicationApp.swift; sourceTree = "<group>"; };
		2A6589E32C12DD60002CF924 /* Assets.xcassets */ = {isa = PBXFileReference; lastKnownFileType = folder.assetcatalog; path = Assets.xcassets; sourceTree = "<group>"; };
		2A6589E62C12DD60002CF924 /* Preview Assets.xcassets */ = {isa = PBXFileReference; lastKnownFileType = folder.assetcatalog; path = "Preview Assets.xcassets"; sourceTree = "<group>"; };
		2A658A202C12E5F7002CF924 /* SDKView.swift */ = {isa = PBXFileReference; fileEncoding = 4; lastKnownFileType = sourcecode.swift; path = SDKView.swift; sourceTree = "<group>"; };
		2A658A212C12E5F7002CF924 /* SDKViewModel.swift */ = {isa = PBXFileReference; fileEncoding = 4; lastKnownFileType = sourcecode.swift; path = SDKViewModel.swift; sourceTree = "<group>"; };
		2A658A232C12E5F7002CF924 /* Params.swift */ = {isa = PBXFileReference; fileEncoding = 4; lastKnownFileType = sourcecode.swift; path = Params.swift; sourceTree = "<group>"; };
		2AD2EC6B2C3561C10013814D /* Basic.swift */ = {isa = PBXFileReference; lastKnownFileType = sourcecode.swift; path = Basic.swift; sourceTree = "<group>"; };
		2AD2EC6E2C3569F40013814D /* Specific.swift */ = {isa = PBXFileReference; lastKnownFileType = sourcecode.swift; path = Specific.swift; sourceTree = "<group>"; };
/* End PBXFileReference section */

/* Begin PBXFrameworksBuildPhase section */
		2A6589D92C12DD5F002CF924 /* Frameworks */ = {
			isa = PBXFrameworksBuildPhase;
			buildActionMask = 2147483647;
			files = (
				2A658A2A2C12E614002CF924 /* kameleoonClient in Frameworks */,
			);
			runOnlyForDeploymentPostprocessing = 0;
		};
/* End PBXFrameworksBuildPhase section */

/* Begin PBXGroup section */
		2A6589D32C12DD5F002CF924 = {
			isa = PBXGroup;
			children = (
				2A6589DE2C12DD5F002CF924 /* DemoApplication */,
				2A6589DD2C12DD5F002CF924 /* Products */,
			);
			sourceTree = "<group>";
		};
		2A6589DD2C12DD5F002CF924 /* Products */ = {
			isa = PBXGroup;
			children = (
				2A6589DC2C12DD5F002CF924 /* DemoApplication.app */,
			);
			name = Products;
			sourceTree = "<group>";
		};
		2A6589DE2C12DD5F002CF924 /* DemoApplication */ = {
			isa = PBXGroup;
			children = (
				2A658A242C12E5F7002CF924 /* Model */,
				2A658A222C12E5F7002CF924 /* SDK */,
				2A6589DF2C12DD5F002CF924 /* DemoApplicationApp.swift */,
				2A6589E32C12DD60002CF924 /* Assets.xcassets */,
				2A6589E52C12DD60002CF924 /* Preview Content */,
			);
			path = DemoApplication;
			sourceTree = "<group>";
		};
		2A6589E52C12DD60002CF924 /* Preview Content */ = {
			isa = PBXGroup;
			children = (
				2A6589E62C12DD60002CF924 /* Preview Assets.xcassets */,
			);
			path = "Preview Content";
			sourceTree = "<group>";
		};
		2A658A222C12E5F7002CF924 /* SDK */ = {
			isa = PBXGroup;
			children = (
				2AD2EC6D2C3562030013814D /* Usage */,
				2A658A202C12E5F7002CF924 /* SDKView.swift */,
				2A658A212C12E5F7002CF924 /* SDKViewModel.swift */,
			);
			path = SDK;
			sourceTree = "<group>";
		};
		2A658A242C12E5F7002CF924 /* Model */ = {
			isa = PBXGroup;
			children = (
				2A658A232C12E5F7002CF924 /* Params.swift */,
			);
			path = Model;
			sourceTree = "<group>";
		};
		2AD2EC6D2C3562030013814D /* Usage */ = {
			isa = PBXGroup;
			children = (
				2AD2EC6B2C3561C10013814D /* Basic.swift */,
				2AD2EC6E2C3569F40013814D /* Specific.swift */,
			);
			path = Usage;
			sourceTree = "<group>";
		};
/* End PBXGroup section */

/* Begin PBXNativeTarget section */
		2A6589DB2C12DD5F002CF924 /* DemoApplication */ = {
			isa = PBXNativeTarget;
			buildConfigurationList = 2A6589EA2C12DD60002CF924 /* Build configuration list for PBXNativeTarget "DemoApplication" */;
			buildPhases = (
				2A6589D82C12DD5F002CF924 /* Sources */,
				2A6589D92C12DD5F002CF924 /* Frameworks */,
				2A6589DA2C12DD5F002CF924 /* Resources */,
			);
			buildRules = (
			);
			dependencies = (
			);
			name = DemoApplication;
			packageProductDependencies = (
				2A658A292C12E614002CF924 /* kameleoonClient */,
			);
			productName = DemoApplication;
			productReference = 2A6589DC2C12DD5F002CF924 /* DemoApplication.app */;
			productType = "com.apple.product-type.application";
		};
/* End PBXNativeTarget section */

/* Begin PBXProject section */
		2A6589D42C12DD5F002CF924 /* Project object */ = {
			isa = PBXProject;
			attributes = {
				BuildIndependentTargetsInParallel = 1;
				LastSwiftUpdateCheck = 1540;
				LastUpgradeCheck = 1540;
				TargetAttributes = {
					2A6589DB2C12DD5F002CF924 = {
						CreatedOnToolsVersion = 15.4;
					};
				};
			};
			buildConfigurationList = 2A6589D72C12DD5F002CF924 /* Build configuration list for PBXProject "DemoApplication" */;
			compatibilityVersion = "Xcode 14.0";
			developmentRegion = en;
			hasScannedForEncodings = 0;
			knownRegions = (
				en,
				Base,
			);
			mainGroup = 2A6589D32C12DD5F002CF924;
			packageReferences = (
				2A658A282C12E614002CF924 /* XCRemoteSwiftPackageReference "client-swift" */,
			);
			productRefGroup = 2A6589DD2C12DD5F002CF924 /* Products */;
			projectDirPath = "";
			projectRoot = "";
			targets = (
				2A6589DB2C12DD5F002CF924 /* DemoApplication */,
			);
		};
/* End PBXProject section */

/* Begin PBXResourcesBuildPhase section */
		2A6589DA2C12DD5F002CF924 /* Resources */ = {
			isa = PBXResourcesBuildPhase;
			buildActionMask = 2147483647;
			files = (
				2A6589E72C12DD60002CF924 /* Preview Assets.xcassets in Resources */,
				2A6589E42C12DD60002CF924 /* Assets.xcassets in Resources */,
			);
			runOnlyForDeploymentPostprocessing = 0;
		};
/* End PBXResourcesBuildPhase section */

/* Begin PBXSourcesBuildPhase section */
		2A6589D82C12DD5F002CF924 /* Sources */ = {
			isa = PBXSourcesBuildPhase;
			buildActionMask = 2147483647;
			files = (
				2A658A262C12E5F7002CF924 /* SDKViewModel.swift in Sources */,
				2A6589E02C12DD5F002CF924 /* DemoApplicationApp.swift in Sources */,
				2A658A252C12E5F7002CF924 /* SDKView.swift in Sources */,
				2AD2EC6F2C3569F40013814D /* Specific.swift in Sources */,
				2AD2EC6C2C3561C10013814D /* Basic.swift in Sources */,
				2A658A272C12E5F7002CF924 /* Params.swift in Sources */,
			);
			runOnlyForDeploymentPostprocessing = 0;
		};
/* End PBXSourcesBuildPhase section */

/* Begin XCBuildConfiguration section */
		2A6589E82C12DD60002CF924 /* Debug */ = {
			isa = XCBuildConfiguration;
			buildSettings = {
				ALWAYS_SEARCH_USER_PATHS = NO;
				ASSETCATALOG_COMPILER_GENERATE_SWIFT_ASSET_SYMBOL_EXTENSIONS = YES;
				CLANG_ANALYZER_NONNULL = YES;
				CLANG_ANALYZER_NUMBER_OBJECT_CONVERSION = YES_AGGRESSIVE;
				CLANG_CXX_LANGUAGE_STANDARD = "gnu++20";
				CLANG_ENABLE_MODULES = YES;
				CLANG_ENABLE_OBJC_ARC = YES;
				CLANG_ENABLE_OBJC_WEAK = YES;
				CLANG_WARN_BLOCK_CAPTURE_AUTORELEASING = YES;
				CLANG_WARN_BOOL_CONVERSION = YES;
				CLANG_WARN_COMMA = YES;
				CLANG_WARN_CONSTANT_CONVERSION = YES;
				CLANG_WARN_DEPRECATED_OBJC_IMPLEMENTATIONS = YES;
				CLANG_WARN_DIRECT_OBJC_ISA_USAGE = YES_ERROR;
				CLANG_WARN_DOCUMENTATION_COMMENTS = YES;
				CLANG_WARN_EMPTY_BODY = YES;
				CLANG_WARN_ENUM_CONVERSION = YES;
				CLANG_WARN_INFINITE_RECURSION = YES;
				CLANG_WARN_INT_CONVERSION = YES;
				CLANG_WARN_NON_LITERAL_NULL_CONVERSION = YES;
				CLANG_WARN_OBJC_IMPLICIT_RETAIN_SELF = YES;
				CLANG_WARN_OBJC_LITERAL_CONVERSION = YES;
				CLANG_WARN_OBJC_ROOT_CLASS = YES_ERROR;
				CLANG_WARN_QUOTED_INCLUDE_IN_FRAMEWORK_HEADER = YES;
				CLANG_WARN_RANGE_LOOP_ANALYSIS = YES;
				CLANG_WARN_STRICT_PROTOTYPES = YES;
				CLANG_WARN_SUSPICIOUS_MOVE = YES;
				CLANG_WARN_UNGUARDED_AVAILABILITY = YES_AGGRESSIVE;
				CLANG_WARN_UNREACHABLE_CODE = YES;
				CLANG_WARN__DUPLICATE_METHOD_MATCH = YES;
				COPY_PHASE_STRIP = NO;
				DEBUG_INFORMATION_FORMAT = dwarf;
				ENABLE_STRICT_OBJC_MSGSEND = YES;
				ENABLE_TESTABILITY = YES;
				ENABLE_USER_SCRIPT_SANDBOXING = YES;
				GCC_C_LANGUAGE_STANDARD = gnu17;
				GCC_DYNAMIC_NO_PIC = NO;
				GCC_NO_COMMON_BLOCKS = YES;
				GCC_OPTIMIZATION_LEVEL = 0;
				GCC_PREPROCESSOR_DEFINITIONS = (
					"DEBUG=1",
					"$(inherited)",
				);
				GCC_WARN_64_TO_32_BIT_CONVERSION = YES;
				GCC_WARN_ABOUT_RETURN_TYPE = YES_ERROR;
				GCC_WARN_UNDECLARED_SELECTOR = YES;
				GCC_WARN_UNINITIALIZED_AUTOS = YES_AGGRESSIVE;
				GCC_WARN_UNUSED_FUNCTION = YES;
				GCC_WARN_UNUSED_VARIABLE = YES;
				IPHONEOS_DEPLOYMENT_TARGET = 17.5;
				LOCALIZATION_PREFERS_STRING_CATALOGS = YES;
				MTL_ENABLE_DEBUG_INFO = INCLUDE_SOURCE;
				MTL_FAST_MATH = YES;
				ONLY_ACTIVE_ARCH = YES;
				SDKROOT = iphoneos;
				SWIFT_ACTIVE_COMPILATION_CONDITIONS = "DEBUG $(inherited)";
				SWIFT_OPTIMIZATION_LEVEL = "-Onone";
			};
			name = Debug;
		};
		2A6589E92C12DD60002CF924 /* Release */ = {
			isa = XCBuildConfiguration;
			buildSettings = {
				ALWAYS_SEARCH_USER_PATHS = NO;
				ASSETCATALOG_COMPILER_GENERATE_SWIFT_ASSET_SYMBOL_EXTENSIONS = YES;
				CLANG_ANALYZER_NONNULL = YES;
				CLANG_ANALYZER_NUMBER_OBJECT_CONVERSION = YES_AGGRESSIVE;
				CLANG_CXX_LANGUAGE_STANDARD = "gnu++20";
				CLANG_ENABLE_MODULES = YES;
				CLANG_ENABLE_OBJC_ARC = YES;
				CLANG_ENABLE_OBJC_WEAK = YES;
				CLANG_WARN_BLOCK_CAPTURE_AUTORELEASING = YES;
				CLANG_WARN_BOOL_CONVERSION = YES;
				CLANG_WARN_COMMA = YES;
				CLANG_WARN_CONSTANT_CONVERSION = YES;
				CLANG_WARN_DEPRECATED_OBJC_IMPLEMENTATIONS = YES;
				CLANG_WARN_DIRECT_OBJC_ISA_USAGE = YES_ERROR;
				CLANG_WARN_DOCUMENTATION_COMMENTS = YES;
				CLANG_WARN_EMPTY_BODY = YES;
				CLANG_WARN_ENUM_CONVERSION = YES;
				CLANG_WARN_INFINITE_RECURSION = YES;
				CLANG_WARN_INT_CONVERSION = YES;
				CLANG_WARN_NON_LITERAL_NULL_CONVERSION = YES;
				CLANG_WARN_OBJC_IMPLICIT_RETAIN_SELF = YES;
				CLANG_WARN_OBJC_LITERAL_CONVERSION = YES;
				CLANG_WARN_OBJC_ROOT_CLASS = YES_ERROR;
				CLANG_WARN_QUOTED_INCLUDE_IN_FRAMEWORK_HEADER = YES;
				CLANG_WARN_RANGE_LOOP_ANALYSIS = YES;
				CLANG_WARN_STRICT_PROTOTYPES = YES;
				CLANG_WARN_SUSPICIOUS_MOVE = YES;
				CLANG_WARN_UNGUARDED_AVAILABILITY = YES_AGGRESSIVE;
				CLANG_WARN_UNREACHABLE_CODE = YES;
				CLANG_WARN__DUPLICATE_METHOD_MATCH = YES;
				COPY_PHASE_STRIP = NO;
				DEBUG_INFORMATION_FORMAT = "dwarf-with-dsym";
				ENABLE_NS_ASSERTIONS = NO;
				ENABLE_STRICT_OBJC_MSGSEND = YES;
				ENABLE_USER_SCRIPT_SANDBOXING = YES;
				GCC_C_LANGUAGE_STANDARD = gnu17;
				GCC_NO_COMMON_BLOCKS = YES;
				GCC_WARN_64_TO_32_BIT_CONVERSION = YES;
				GCC_WARN_ABOUT_RETURN_TYPE = YES_ERROR;
				GCC_WARN_UNDECLARED_SELECTOR = YES;
				GCC_WARN_UNINITIALIZED_AUTOS = YES_AGGRESSIVE;
				GCC_WARN_UNUSED_FUNCTION = YES;
				GCC_WARN_UNUSED_VARIABLE = YES;
				IPHONEOS_DEPLOYMENT_TARGET = 17.5;
				LOCALIZATION_PREFERS_STRING_CATALOGS = YES;
				MTL_ENABLE_DEBUG_INFO = NO;
				MTL_FAST_MATH = YES;
				SDKROOT = iphoneos;
				SWIFT_COMPILATION_MODE = wholemodule;
				VALIDATE_PRODUCT = YES;
			};
			name = Release;
		};
		2A6589EB2C12DD60002CF924 /* Debug */ = {
			isa = XCBuildConfiguration;
			buildSettings = {
				ASSETCATALOG_COMPILER_APPICON_NAME = AppIcon;
				ASSETCATALOG_COMPILER_GLOBAL_ACCENT_COLOR_NAME = AccentColor;
				CODE_SIGN_STYLE = Automatic;
				CURRENT_PROJECT_VERSION = 1;
				DEVELOPMENT_ASSET_PATHS = "\"DemoApplication/Preview Content\"";
				DEVELOPMENT_TEAM = JK7S87FXRD;
				ENABLE_PREVIEWS = YES;
				GENERATE_INFOPLIST_FILE = YES;
				INFOPLIST_KEY_UIApplicationSceneManifest_Generation = YES;
				INFOPLIST_KEY_UIApplicationSupportsIndirectInputEvents = YES;
				INFOPLIST_KEY_UILaunchScreen_Generation = YES;
				INFOPLIST_KEY_UISupportedInterfaceOrientations_iPad = "UIInterfaceOrientationPortrait UIInterfaceOrientationPortraitUpsideDown UIInterfaceOrientationLandscapeLeft UIInterfaceOrientationLandscapeRight";
				INFOPLIST_KEY_UISupportedInterfaceOrientations_iPhone = "UIInterfaceOrientationPortrait UIInterfaceOrientationLandscapeLeft UIInterfaceOrientationLandscapeRight";
				LD_RUNPATH_SEARCH_PATHS = (
					"$(inherited)",
					"@executable_path/Frameworks",
				);
				MARKETING_VERSION = 1.0;
				PRODUCT_BUNDLE_IDENTIFIER = com.kameleoon.DemoApplication;
				PRODUCT_NAME = "$(TARGET_NAME)";
				SWIFT_EMIT_LOC_STRINGS = YES;
				SWIFT_VERSION = 5.0;
				TARGETED_DEVICE_FAMILY = "1,2";
			};
			name = Debug;
		};
		2A6589EC2C12DD60002CF924 /* Release */ = {
			isa = XCBuildConfiguration;
			buildSettings = {
				ASSETCATALOG_COMPILER_APPICON_NAME = AppIcon;
				ASSETCATALOG_COMPILER_GLOBAL_ACCENT_COLOR_NAME = AccentColor;
				CODE_SIGN_STYLE = Automatic;
				CURRENT_PROJECT_VERSION = 1;
				DEVELOPMENT_ASSET_PATHS = "\"DemoApplication/Preview Content\"";
				DEVELOPMENT_TEAM = JK7S87FXRD;
				ENABLE_PREVIEWS = YES;
				GENERATE_INFOPLIST_FILE = YES;
				INFOPLIST_KEY_UIApplicationSceneManifest_Generation = YES;
				INFOPLIST_KEY_UIApplicationSupportsIndirectInputEvents = YES;
				INFOPLIST_KEY_UILaunchScreen_Generation = YES;
				INFOPLIST_KEY_UISupportedInterfaceOrientations_iPad = "UIInterfaceOrientationPortrait UIInterfaceOrientationPortraitUpsideDown UIInterfaceOrientationLandscapeLeft UIInterfaceOrientationLandscapeRight";
				INFOPLIST_KEY_UISupportedInterfaceOrientations_iPhone = "UIInterfaceOrientationPortrait UIInterfaceOrientationLandscapeLeft UIInterfaceOrientationLandscapeRight";
				LD_RUNPATH_SEARCH_PATHS = (
					"$(inherited)",
					"@executable_path/Frameworks",
				);
				MARKETING_VERSION = 1.0;
				PRODUCT_BUNDLE_IDENTIFIER = com.kameleoon.DemoApplication;
				PRODUCT_NAME = "$(TARGET_NAME)";
				SWIFT_EMIT_LOC_STRINGS = YES;
				SWIFT_VERSION = 5.0;
				TARGETED_DEVICE_FAMILY = "1,2";
			};
			name = Release;
		};
/* End XCBuildConfiguration section */

/* Begin XCConfigurationList section */
		2A6589D72C12DD5F002CF924 /* Build configuration list for PBXProject "DemoApplication" */ = {
			isa = XCConfigurationList;
			buildConfigurations = (
				2A6589E82C12DD60002CF924 /* Debug */,
				2A6589E92C12DD60002CF924 /* Release */,
			);
			defaultConfigurationIsVisible = 0;
			defaultConfigurationName = Release;
		};
		2A6589EA2C12DD60002CF924 /* Build configuration list for PBXNativeTarget "DemoApplication" */ = {
			isa = XCConfigurationList;
			buildConfigurations = (
				2A6589EB2C12DD60002CF924 /* Debug */,
				2A6589EC2C12DD60002CF924 /* Release */,
			);
			defaultConfigurationIsVisible = 0;
			defaultConfigurationName = Release;
		};
/* End XCConfigurationList section */

/* Begin XCRemoteSwiftPackageReference section */
		2A658A282C12E614002CF924 /* XCRemoteSwiftPackageReference "client-swift" */ = {
			isa = XCRemoteSwiftPackageReference;
			repositoryURL = "https://github.com/Kameleoon/client-swift.git";
			requirement = {
				kind = upToNextMajorVersion;
				minimumVersion = 4.2.0;
			};
		};
/* End XCRemoteSwiftPackageReference section */

/* Begin XCSwiftPackageProductDependency section */
		2A658A292C12E614002CF924 /* kameleoonClient */ = {
			isa = XCSwiftPackageProductDependency;
			package = 2A658A282C12E614002CF924 /* XCRemoteSwiftPackageReference "client-swift" */;
			productName = kameleoonClient;
		};
/* End XCSwiftPackageProductDependency section */
	};
	rootObject = 2A6589D42C12DD5F002CF924 /* Project object */;
}
